
Microsoft Visual Studio Solution File, Format Version 12.00
# Visual Studio Version 17
VisualStudioVersion = 17.3.32929.385
MinimumVisualStudioVersion = 10.0.40219.1
Project("{FAE04EC0-301F-11D3-BF4B-00C04F79EFBC}") = "DoAn_QuanLyCuaHang", "DoAn_QuanLyCuaHang\DoAn_QuanLyCuaHang.csproj", "{91AC24BF-2A4C-4633-852C-CC2A4115A135}"
EndProject
Global
	GlobalSection(SolutionConfigurationPlatforms) = preSolution
		Debug|Any CPU = Debug|Any CPU
		Release|Any CPU = Release|Any CPU
	EndGlobalSection
	GlobalSection(ProjectConfigurationPlatforms) = postSolution
		{91AC24BF-2A4C-4633-852C-CC2A4115A135}.Debug|Any CPU.ActiveCfg = Debug|Any CPU
		{91AC24BF-2A4C-4633-852C-CC2A4115A135}.Debug|Any CPU.Build.0 = Debug|Any CPU
		{91AC24BF-2A4C-4633-852C-CC2A4115A135}.Release|Any CPU.ActiveCfg = Release|Any CPU
		{91AC24BF-2A4C-4633-852C-CC2A4115A135}.Release|Any CPU.Build.0 = Release|Any CPU
	EndGlobalSection
	GlobalSection(SolutionProperties) = preSolution
		HideSolutionNode = FALSE
	EndGlobalSection
	GlobalSection(ExtensibilityGlobals) = postSolution
		SolutionGuid = {9F3B54EA-8B2B-4D6D-843D-A9946E06BF2A}
	EndGlobalSection
EndGlobal
